// !$*UTF8*$!
{
	archiveVersion = 1;
	classes = {
	};
	objectVersion = 56;
	objects = {

/* Begin PBXBuildFile section */
		C41C67FC2A28775A0045828D /* SwiftUIForDesignersApp.swift in Sources */ = {isa = PBXBuildFile; fileRef = C41C67FB2A28775A0045828D /* SwiftUIForDesignersApp.swift */; };
		C41C67FE2A28775A0045828D /* ContentView.swift in Sources */ = {isa = PBXBuildFile; fileRef = C41C67FD2A28775A0045828D /* ContentView.swift */; };
		C41C68002A28775B0045828D /* Assets.xcassets in Resources */ = {isa = PBXBuildFile; fileRef = C41C67FF2A28775B0045828D /* Assets.xcassets */; };
		C41C68032A28775B0045828D /* Preview Assets.xcassets in Resources */ = {isa = PBXBuildFile; fileRef = C41C68022A28775B0045828D /* Preview Assets.xcassets */; };
		C41C680B2A28779C0045828D /* CollapsibleListView.swift in Sources */ = {isa = PBXBuildFile; fileRef = C41C680A2A28779C0045828D /* CollapsibleListView.swift */; };
		C41C68102A2878E40045828D /* DynamicHeightModal.swift in Sources */ = {isa = PBXBuildFile; fileRef = C41C680F2A2878E40045828D /* DynamicHeightModal.swift */; };
		C41C68172A287BC50045828D /* README.md in Resources */ = {isa = PBXBuildFile; fileRef = C41C68162A287BC50045828D /* README.md */; };
		C41C681A2A287BE60045828D /* MenuView.swift in Sources */ = {isa = PBXBuildFile; fileRef = C41C68192A287BE60045828D /* MenuView.swift */; };
		C41C681F2A287CC60045828D /* SwiftUIColorSystem.swift in Sources */ = {isa = PBXBuildFile; fileRef = C41C681E2A287CC60045828D /* SwiftUIColorSystem.swift */; };
		C41C68222A287DD00045828D /* UnderstandingLayoutPriority.swift in Sources */ = {isa = PBXBuildFile; fileRef = C41C68212A287DD00045828D /* UnderstandingLayoutPriority.swift */; };
		C41C68292A2881440045828D /* DifferentStokeType.swift in Sources */ = {isa = PBXBuildFile; fileRef = C41C68282A2881440045828D /* DifferentStokeType.swift */; };
		C43F72232A31DA7B00705735 /* MaskAppleView.swift in Sources */ = {isa = PBXBuildFile; fileRef = C43F72222A31DA7B00705735 /* MaskAppleView.swift */; };
		C43F72272A31DB6900705735 /* ClippingView.swift in Sources */ = {isa = PBXBuildFile; fileRef = C43F72262A31DB6900705735 /* ClippingView.swift */; };
		C43F722B2A31DCDE00705735 /* GradientTextView.swift in Sources */ = {isa = PBXBuildFile; fileRef = C43F722A2A31DCDE00705735 /* GradientTextView.swift */; };
		C43F722F2A31DDA700705735 /* AppleHomePod.swift in Sources */ = {isa = PBXBuildFile; fileRef = C43F722E2A31DDA700705735 /* AppleHomePod.swift */; };
		C43F72352A31E00700705735 /* AppleAlbumIcon.swift in Sources */ = {isa = PBXBuildFile; fileRef = C43F72342A31E00700705735 /* AppleAlbumIcon.swift */; };
		C43F72392A31E0D100705735 /* DashedView.swift in Sources */ = {isa = PBXBuildFile; fileRef = C43F72382A31E0D100705735 /* DashedView.swift */; };
		C43F723D2A31E17500705735 /* FlipView.swift in Sources */ = {isa = PBXBuildFile; fileRef = C43F723C2A31E17500705735 /* FlipView.swift */; };
		C43F72412A31E26B00705735 /* DashesView.swift in Sources */ = {isa = PBXBuildFile; fileRef = C43F72402A31E26B00705735 /* DashesView.swift */; };
		C43F72452A31E43C00705735 /* GradientsView.swift in Sources */ = {isa = PBXBuildFile; fileRef = C43F72442A31E43C00705735 /* GradientsView.swift */; };
		C43F724A2A31E4B300705735 /* RotateView.swift in Sources */ = {isa = PBXBuildFile; fileRef = C43F72492A31E4B300705735 /* RotateView.swift */; };
		C43F724E2A31E53E00705735 /* RotateViewsSArountAPoint.swift in Sources */ = {isa = PBXBuildFile; fileRef = C43F724D2A31E53E00705735 /* RotateViewsSArountAPoint.swift */; };
		C4F5DF852A407B6100F6552A /* PhotoAdjustment.swift in Sources */ = {isa = PBXBuildFile; fileRef = C4F5DF842A407B6100F6552A /* PhotoAdjustment.swift */; };
		C4F5DF8D2A40801C00F6552A /* BlendAnimation.swift in Sources */ = {isa = PBXBuildFile; fileRef = C4F5DF8C2A40801C00F6552A /* BlendAnimation.swift */; };
		C4F5DF902A40817900F6552A /* PhotoAlbumIcon.swift in Sources */ = {isa = PBXBuildFile; fileRef = C4F5DF8F2A40817900F6552A /* PhotoAlbumIcon.swift */; };
		C4F5DF922A40820800F6552A /* LockScreen.swift in Sources */ = {isa = PBXBuildFile; fileRef = C4F5DF912A40820800F6552A /* LockScreen.swift */; };
		C4F5DF952A4082F500F6552A /* CurrentLocation.swift in Sources */ = {isa = PBXBuildFile; fileRef = C4F5DF942A4082F500F6552A /* CurrentLocation.swift */; };
		C4F5DF992A4083A600F6552A /* TileWithImage.swift in Sources */ = {isa = PBXBuildFile; fileRef = C4F5DF982A4083A600F6552A /* TileWithImage.swift */; };
		C4F5DF9D2A40849000F6552A /* TextFieldMultiline.swift in Sources */ = {isa = PBXBuildFile; fileRef = C4F5DF9C2A40849000F6552A /* TextFieldMultiline.swift */; };
		C4F5DFA12A4084F800F6552A /* GetTimeZoneText.swift in Sources */ = {isa = PBXBuildFile; fileRef = C4F5DFA02A4084F800F6552A /* GetTimeZoneText.swift */; };
		C4F5DFA52A40853300F6552A /* SwiftMarkdownText.swift in Sources */ = {isa = PBXBuildFile; fileRef = C4F5DFA42A40853300F6552A /* SwiftMarkdownText.swift */; };
		C4F5DFA92A4085D800F6552A /* CountDownTimer.swift in Sources */ = {isa = PBXBuildFile; fileRef = C4F5DFA82A4085D800F6552A /* CountDownTimer.swift */; };
		C4F5DFAD2A40862900F6552A /* CountUpTimer.swift in Sources */ = {isa = PBXBuildFile; fileRef = C4F5DFAC2A40862900F6552A /* CountUpTimer.swift */; };
		C4F5DFC32A41B0CE00F6552A /* SFSymbols.swift in Sources */ = {isa = PBXBuildFile; fileRef = C4F5DFC22A41B0CE00F6552A /* SFSymbols.swift */; };
		C4F5DFC72A41B1D400F6552A /* ZoomEffect.swift in Sources */ = {isa = PBXBuildFile; fileRef = C4F5DFC62A41B1D400F6552A /* ZoomEffect.swift */; };
		C4F5DFCB2A41B32B00F6552A /* GradientsOnAnything.swift in Sources */ = {isa = PBXBuildFile; fileRef = C4F5DFCA2A41B32B00F6552A /* GradientsOnAnything.swift */; };
		C4F5DFCF2A41B48F00F6552A /* FrostEffect.swift in Sources */ = {isa = PBXBuildFile; fileRef = C4F5DFCE2A41B48F00F6552A /* FrostEffect.swift */; };
		C4FDA54E2A2B186F00707632 /* MenuExampleView.swift in Sources */ = {isa = PBXBuildFile; fileRef = C4FDA54D2A2B186F00707632 /* MenuExampleView.swift */; };
		C4FDA5512A2B193D00707632 /* TabExampleView.swift in Sources */ = {isa = PBXBuildFile; fileRef = C4FDA5502A2B193D00707632 /* TabExampleView.swift */; };
		C4FDA5572A2B1A0100707632 /* ToolbarViewExampl;e.swift in Sources */ = {isa = PBXBuildFile; fileRef = C4FDA5562A2B1A0100707632 /* ToolbarViewExampl;e.swift */; };
		C4FDA55B2A2B1B5200707632 /* ToolbarItemGroupExampleView.swift in Sources */ = {isa = PBXBuildFile; fileRef = C4FDA55A2A2B1B5200707632 /* ToolbarItemGroupExampleView.swift */; };
		C4FDA55F2A2B1C3F00707632 /* DiffusedShadows.swift in Sources */ = {isa = PBXBuildFile; fileRef = C4FDA55E2A2B1C3F00707632 /* DiffusedShadows.swift */; };
		C4FDA5652A2B1DAA00707632 /* ListAppearanceView.swift in Sources */ = {isa = PBXBuildFile; fileRef = C4FDA5642A2B1DAA00707632 /* ListAppearanceView.swift */; };
		C4FDA5692A2B1F6500707632 /* VideoPlayerContainer.swift in Sources */ = {isa = PBXBuildFile; fileRef = C4FDA5682A2B1F6500707632 /* VideoPlayerContainer.swift */; };
/* End PBXBuildFile section */

/* Begin PBXFileReference section */
		C41C67F82A28775A0045828D /* SwiftUIForDesigners.app */ = {isa = PBXFileReference; explicitFileType = wrapper.application; includeInIndex = 0; path = SwiftUIForDesigners.app; sourceTree = BUILT_PRODUCTS_DIR; };
		C41C67FB2A28775A0045828D /* SwiftUIForDesignersApp.swift */ = {isa = PBXFileReference; lastKnownFileType = sourcecode.swift; path = SwiftUIForDesignersApp.swift; sourceTree = "<group>"; };
		C41C67FD2A28775A0045828D /* ContentView.swift */ = {isa = PBXFileReference; lastKnownFileType = sourcecode.swift; path = ContentView.swift; sourceTree = "<group>"; };
		C41C67FF2A28775B0045828D /* Assets.xcassets */ = {isa = PBXFileReference; lastKnownFileType = folder.assetcatalog; path = Assets.xcassets; sourceTree = "<group>"; };
		C41C68022A28775B0045828D /* Preview Assets.xcassets */ = {isa = PBXFileReference; lastKnownFileType = folder.assetcatalog; path = "Preview Assets.xcassets"; sourceTree = "<group>"; };
		C41C680A2A28779C0045828D /* CollapsibleListView.swift */ = {isa = PBXFileReference; lastKnownFileType = sourcecode.swift; path = CollapsibleListView.swift; sourceTree = "<group>"; };
		C41C680C2A2878B50045828D /* README.md */ = {isa = PBXFileReference; lastKnownFileType = net.daringfireball.markdown; path = README.md; sourceTree = "<group>"; };
		C41C680F2A2878E40045828D /* DynamicHeightModal.swift */ = {isa = PBXFileReference; lastKnownFileType = sourcecode.swift; path = DynamicHeightModal.swift; sourceTree = "<group>"; };
		C41C68112A287A2C0045828D /* README.md */ = {isa = PBXFileReference; lastKnownFileType = net.daringfireball.markdown; path = README.md; sourceTree = "<group>"; };
		C41C68132A287A790045828D /* README.md */ = {isa = PBXFileReference; lastKnownFileType = net.daringfireball.markdown; path = README.md; sourceTree = "<group>"; };
		C41C68162A287BC50045828D /* README.md */ = {isa = PBXFileReference; lastKnownFileType = net.daringfireball.markdown; path = README.md; sourceTree = "<group>"; };
		C41C68192A287BE60045828D /* MenuView.swift */ = {isa = PBXFileReference; lastKnownFileType = sourcecode.swift; path = MenuView.swift; sourceTree = "<group>"; };
		C41C681B2A287C9E0045828D /* README.md */ = {isa = PBXFileReference; lastKnownFileType = net.daringfireball.markdown; path = README.md; sourceTree = "<group>"; };
		C41C681E2A287CC60045828D /* SwiftUIColorSystem.swift */ = {isa = PBXFileReference; lastKnownFileType = sourcecode.swift; path = SwiftUIColorSystem.swift; sourceTree = "<group>"; };
		C41C68212A287DD00045828D /* UnderstandingLayoutPriority.swift */ = {isa = PBXFileReference; lastKnownFileType = sourcecode.swift; path = UnderstandingLayoutPriority.swift; sourceTree = "<group>"; };
		C41C68232A287E5E0045828D /* README.md */ = {isa = PBXFileReference; lastKnownFileType = net.daringfireball.markdown; path = README.md; sourceTree = "<group>"; };
		C41C68252A287E730045828D /* README.md */ = {isa = PBXFileReference; lastKnownFileType = net.daringfireball.markdown; path = README.md; sourceTree = "<group>"; };
		C41C68282A2881440045828D /* DifferentStokeType.swift */ = {isa = PBXFileReference; lastKnownFileType = sourcecode.swift; path = DifferentStokeType.swift; sourceTree = "<group>"; };
		C41C682A2A2881530045828D /* README.md */ = {isa = PBXFileReference; lastKnownFileType = net.daringfireball.markdown; path = README.md; sourceTree = "<group>"; };
		C43F72222A31DA7B00705735 /* MaskAppleView.swift */ = {isa = PBXFileReference; lastKnownFileType = sourcecode.swift; path = MaskAppleView.swift; sourceTree = "<group>"; };
		C43F72242A31DB2000705735 /* README.md */ = {isa = PBXFileReference; lastKnownFileType = net.daringfireball.markdown; path = README.md; sourceTree = "<group>"; };
		C43F72262A31DB6900705735 /* ClippingView.swift */ = {isa = PBXFileReference; lastKnownFileType = sourcecode.swift; path = ClippingView.swift; sourceTree = "<group>"; };
		C43F72282A31DC5800705735 /* README.md */ = {isa = PBXFileReference; lastKnownFileType = net.daringfireball.markdown; path = README.md; sourceTree = "<group>"; };
		C43F722A2A31DCDE00705735 /* GradientTextView.swift */ = {isa = PBXFileReference; lastKnownFileType = sourcecode.swift; path = GradientTextView.swift; sourceTree = "<group>"; };
		C43F722C2A31DD2600705735 /* README.md */ = {isa = PBXFileReference; lastKnownFileType = net.daringfireball.markdown; path = README.md; sourceTree = "<group>"; };
		C43F722E2A31DDA700705735 /* AppleHomePod.swift */ = {isa = PBXFileReference; lastKnownFileType = sourcecode.swift; path = AppleHomePod.swift; sourceTree = "<group>"; };
		C43F72322A31DFEC00705735 /* README.md */ = {isa = PBXFileReference; lastKnownFileType = net.daringfireball.markdown; path = README.md; sourceTree = "<group>"; };
		C43F72342A31E00700705735 /* AppleAlbumIcon.swift */ = {isa = PBXFileReference; lastKnownFileType = sourcecode.swift; path = AppleAlbumIcon.swift; sourceTree = "<group>"; };
		C43F72362A31E09B00705735 /* README.md */ = {isa = PBXFileReference; lastKnownFileType = net.daringfireball.markdown; path = README.md; sourceTree = "<group>"; };
		C43F72382A31E0D100705735 /* DashedView.swift */ = {isa = PBXFileReference; lastKnownFileType = sourcecode.swift; path = DashedView.swift; sourceTree = "<group>"; };
		C43F723A2A31E14D00705735 /* README.md */ = {isa = PBXFileReference; lastKnownFileType = net.daringfireball.markdown; path = README.md; sourceTree = "<group>"; };
		C43F723C2A31E17500705735 /* FlipView.swift */ = {isa = PBXFileReference; lastKnownFileType = sourcecode.swift; path = FlipView.swift; sourceTree = "<group>"; };
		C43F723E2A31E24E00705735 /* README.md */ = {isa = PBXFileReference; lastKnownFileType = net.daringfireball.markdown; path = README.md; sourceTree = "<group>"; };
		C43F72402A31E26B00705735 /* DashesView.swift */ = {isa = PBXFileReference; lastKnownFileType = sourcecode.swift; path = DashesView.swift; sourceTree = "<group>"; };
		C43F72422A31E40200705735 /* README.md */ = {isa = PBXFileReference; lastKnownFileType = net.daringfireball.markdown; path = README.md; sourceTree = "<group>"; };
		C43F72442A31E43C00705735 /* GradientsView.swift */ = {isa = PBXFileReference; lastKnownFileType = sourcecode.swift; path = GradientsView.swift; sourceTree = "<group>"; };
		C43F72462A31E47F00705735 /* README.md */ = {isa = PBXFileReference; lastKnownFileType = net.daringfireball.markdown; path = README.md; sourceTree = "<group>"; };
		C43F72492A31E4B300705735 /* RotateView.swift */ = {isa = PBXFileReference; lastKnownFileType = sourcecode.swift; path = RotateView.swift; sourceTree = "<group>"; };
		C43F724B2A31E51500705735 /* README.md */ = {isa = PBXFileReference; lastKnownFileType = net.daringfireball.markdown; path = README.md; sourceTree = "<group>"; };
		C43F724D2A31E53E00705735 /* RotateViewsSArountAPoint.swift */ = {isa = PBXFileReference; lastKnownFileType = sourcecode.swift; path = RotateViewsSArountAPoint.swift; sourceTree = "<group>"; };
		C43F724F2A31E5C400705735 /* README.md */ = {isa = PBXFileReference; lastKnownFileType = net.daringfireball.markdown; path = README.md; sourceTree = "<group>"; };
		C4F5DF842A407B6100F6552A /* PhotoAdjustment.swift */ = {isa = PBXFileReference; lastKnownFileType = sourcecode.swift; path = PhotoAdjustment.swift; sourceTree = "<group>"; };
		C4F5DF862A407E4600F6552A /* README.md */ = {isa = PBXFileReference; lastKnownFileType = net.daringfireball.markdown; path = README.md; sourceTree = "<group>"; };
		C4F5DF8C2A40801C00F6552A /* BlendAnimation.swift */ = {isa = PBXFileReference; lastKnownFileType = sourcecode.swift; path = BlendAnimation.swift; sourceTree = "<group>"; };
		C4F5DF8E2A40812500F6552A /* README.md */ = {isa = PBXFileReference; lastKnownFileType = net.daringfireball.markdown; path = README.md; sourceTree = "<group>"; };
		C4F5DF8F2A40817900F6552A /* PhotoAlbumIcon.swift */ = {isa = PBXFileReference; lastKnownFileType = sourcecode.swift; path = PhotoAlbumIcon.swift; sourceTree = "<group>"; };
		C4F5DF912A40820800F6552A /* LockScreen.swift */ = {isa = PBXFileReference; lastKnownFileType = sourcecode.swift; path = LockScreen.swift; sourceTree = "<group>"; };
		C4F5DF942A4082F500F6552A /* CurrentLocation.swift */ = {isa = PBXFileReference; lastKnownFileType = sourcecode.swift; path = CurrentLocation.swift; sourceTree = "<group>"; };
		C4F5DF962A40834400F6552A /* README.md */ = {isa = PBXFileReference; lastKnownFileType = net.daringfireball.markdown; path = README.md; sourceTree = "<group>"; };
		C4F5DF982A4083A600F6552A /* TileWithImage.swift */ = {isa = PBXFileReference; lastKnownFileType = sourcecode.swift; path = TileWithImage.swift; sourceTree = "<group>"; };
		C4F5DF9A2A40846800F6552A /* README.md */ = {isa = PBXFileReference; lastKnownFileType = net.daringfireball.markdown; path = README.md; sourceTree = "<group>"; };
		C4F5DF9C2A40849000F6552A /* TextFieldMultiline.swift */ = {isa = PBXFileReference; lastKnownFileType = sourcecode.swift; path = TextFieldMultiline.swift; sourceTree = "<group>"; };
		C4F5DF9E2A4084CB00F6552A /* README.md */ = {isa = PBXFileReference; lastKnownFileType = net.daringfireball.markdown; path = README.md; sourceTree = "<group>"; };
		C4F5DFA02A4084F800F6552A /* GetTimeZoneText.swift */ = {isa = PBXFileReference; lastKnownFileType = sourcecode.swift; path = GetTimeZoneText.swift; sourceTree = "<group>"; };
		C4F5DFA22A40851E00F6552A /* README.md */ = {isa = PBXFileReference; lastKnownFileType = net.daringfireball.markdown; path = README.md; sourceTree = "<group>"; };
		C4F5DFA42A40853300F6552A /* SwiftMarkdownText.swift */ = {isa = PBXFileReference; lastKnownFileType = sourcecode.swift; path = SwiftMarkdownText.swift; sourceTree = "<group>"; };
		C4F5DFA62A4085B300F6552A /* README.md */ = {isa = PBXFileReference; lastKnownFileType = net.daringfireball.markdown; path = README.md; sourceTree = "<group>"; };
		C4F5DFA82A4085D800F6552A /* CountDownTimer.swift */ = {isa = PBXFileReference; lastKnownFileType = sourcecode.swift; path = CountDownTimer.swift; sourceTree = "<group>"; };
		C4F5DFAA2A4085F000F6552A /* README.md */ = {isa = PBXFileReference; lastKnownFileType = net.daringfireball.markdown; path = README.md; sourceTree = "<group>"; };
		C4F5DFAC2A40862900F6552A /* CountUpTimer.swift */ = {isa = PBXFileReference; lastKnownFileType = sourcecode.swift; path = CountUpTimer.swift; sourceTree = "<group>"; };
		C4F5DFAE2A4086AD00F6552A /* README.md */ = {isa = PBXFileReference; lastKnownFileType = net.daringfireball.markdown; path = README.md; sourceTree = "<group>"; };
		C4F5DFC22A41B0CE00F6552A /* SFSymbols.swift */ = {isa = PBXFileReference; lastKnownFileType = sourcecode.swift; path = SFSymbols.swift; sourceTree = "<group>"; };
		C4F5DFC42A41B19600F6552A /* README.md */ = {isa = PBXFileReference; lastKnownFileType = net.daringfireball.markdown; path = README.md; sourceTree = "<group>"; };
		C4F5DFC62A41B1D400F6552A /* ZoomEffect.swift */ = {isa = PBXFileReference; lastKnownFileType = sourcecode.swift; path = ZoomEffect.swift; sourceTree = "<group>"; };
		C4F5DFC92A41B31600F6552A /* README.md */ = {isa = PBXFileReference; lastKnownFileType = net.daringfireball.markdown; path = README.md; sourceTree = "<group>"; };
		C4F5DFCA2A41B32B00F6552A /* GradientsOnAnything.swift */ = {isa = PBXFileReference; lastKnownFileType = sourcecode.swift; path = GradientsOnAnything.swift; sourceTree = "<group>"; };
		C4F5DFCC2A41B42B00F6552A /* README.md */ = {isa = PBXFileReference; lastKnownFileType = net.daringfireball.markdown; path = README.md; sourceTree = "<group>"; };
		C4F5DFCE2A41B48F00F6552A /* FrostEffect.swift */ = {isa = PBXFileReference; lastKnownFileType = sourcecode.swift; path = FrostEffect.swift; sourceTree = "<group>"; };
		C4F5DFD02A41B4CC00F6552A /* README.md */ = {isa = PBXFileReference; lastKnownFileType = net.daringfireball.markdown; path = README.md; sourceTree = "<group>"; };
		C4FDA54A2A2B152D00707632 /* README.md */ = {isa = PBXFileReference; lastKnownFileType = net.daringfireball.markdown; path = README.md; sourceTree = "<group>"; };
		C4FDA54D2A2B186F00707632 /* MenuExampleView.swift */ = {isa = PBXFileReference; lastKnownFileType = sourcecode.swift; path = MenuExampleView.swift; sourceTree = "<group>"; };
		C4FDA5502A2B193D00707632 /* TabExampleView.swift */ = {isa = PBXFileReference; lastKnownFileType = sourcecode.swift; path = TabExampleView.swift; sourceTree = "<group>"; };
		C4FDA5522A2B19B600707632 /* README.md */ = {isa = PBXFileReference; lastKnownFileType = net.daringfireball.markdown; path = README.md; sourceTree = "<group>"; };
		C4FDA5532A2B19C100707632 /* REDMAE.md */ = {isa = PBXFileReference; lastKnownFileType = net.daringfireball.markdown; path = REDMAE.md; sourceTree = "<group>"; };
		C4FDA5562A2B1A0100707632 /* ToolbarViewExampl;e.swift */ = {isa = PBXFileReference; lastKnownFileType = sourcecode.swift; path = "ToolbarViewExampl;e.swift"; sourceTree = "<group>"; };
		C4FDA5582A2B1B3100707632 /* README.md */ = {isa = PBXFileReference; lastKnownFileType = net.daringfireball.markdown; path = README.md; sourceTree = "<group>"; };
		C4FDA55A2A2B1B5200707632 /* ToolbarItemGroupExampleView.swift */ = {isa = PBXFileReference; lastKnownFileType = sourcecode.swift; path = ToolbarItemGroupExampleView.swift; sourceTree = "<group>"; };
		C4FDA55C2A2B1BF600707632 /* README.md */ = {isa = PBXFileReference; lastKnownFileType = net.daringfireball.markdown; path = README.md; sourceTree = "<group>"; };
		C4FDA55E2A2B1C3F00707632 /* DiffusedShadows.swift */ = {isa = PBXFileReference; lastKnownFileType = sourcecode.swift; path = DiffusedShadows.swift; sourceTree = "<group>"; };
		C4FDA5602A2B1D4900707632 /* README.md */ = {isa = PBXFileReference; lastKnownFileType = net.daringfireball.markdown; path = README.md; sourceTree = "<group>"; };
		C4FDA5642A2B1DAA00707632 /* ListAppearanceView.swift */ = {isa = PBXFileReference; lastKnownFileType = sourcecode.swift; path = ListAppearanceView.swift; sourceTree = "<group>"; };
		C4FDA5662A2B1F0500707632 /* README.md */ = {isa = PBXFileReference; lastKnownFileType = net.daringfireball.markdown; path = README.md; sourceTree = "<group>"; };
		C4FDA5682A2B1F6500707632 /* VideoPlayerContainer.swift */ = {isa = PBXFileReference; lastKnownFileType = sourcecode.swift; path = VideoPlayerContainer.swift; sourceTree = "<group>"; };
		C4FDA56A2A2B1FA500707632 /* README.md */ = {isa = PBXFileReference; lastKnownFileType = net.daringfireball.markdown; path = README.md; sourceTree = "<group>"; };
/* End PBXFileReference section */

/* Begin PBXFrameworksBuildPhase section */
		C41C67F52A28775A0045828D /* Frameworks */ = {
			isa = PBXFrameworksBuildPhase;
			buildActionMask = 2147483647;
			files = (
			);
			runOnlyForDeploymentPostprocessing = 0;
		};
/* End PBXFrameworksBuildPhase section */

/* Begin PBXGroup section */
		C41C67EF2A28775A0045828D = {
			isa = PBXGroup;
			children = (
				C41C68132A287A790045828D /* README.md */,
				C41C67FA2A28775A0045828D /* SwiftUIForDesigners */,
				C41C67F92A28775A0045828D /* Products */,
			);
			sourceTree = "<group>";
		};
		C41C67F92A28775A0045828D /* Products */ = {
			isa = PBXGroup;
			children = (
				C41C67F82A28775A0045828D /* SwiftUIForDesigners.app */,
			);
			name = Products;
			sourceTree = "<group>";
		};
		C41C67FA2A28775A0045828D /* SwiftUIForDesigners */ = {
			isa = PBXGroup;
			children = (
				C4F5DFCD2A41B48200F6552A /* frost_effect */,
				C4F5DFC82A41B2FE00F6552A /* apply_gradient_on_anything */,
				C4F5DFC52A41B1A600F6552A /* zoom_effect_matchedgeometry */,
				C4F5DFC12A41B0C300F6552A /* sfsymbol_with_gradient */,
				C4F5DFAB2A40861400F6552A /* swift-text-count-up-timer */,
				C4F5DFA72A4085CE00F6552A /* swift-text-count-down-timer */,
				C4F5DFA32A40852800F6552A /* markdown-concatenation */,
				C4F5DF9F2A4084E600F6552A /* text-timezone-date */,
				C4F5DF9B2A40847200F6552A /* textfield */,
				C4F5DF972A40839900F6552A /* tile-image */,
				C4F5DF932A4082E900F6552A /* current-location */,
				C4F5DF8B2A407FAD00F6552A /* blend-mode */,
				C4F5DF832A407B5300F6552A /* photo-adjustment */,
				C43F724C2A31E52600705735 /* rotate-views-around-a-point */,
				C43F72482A31E49100705735 /* rotate-view */,
				C43F72432A31E40B00705735 /* gradients */,
				C43F723F2A31E25800705735 /* dashes */,
				C43F723B2A31E15B00705735 /* flip-view */,
				C43F72372A31E0B700705735 /* dash-view */,
				C43F72332A31DFF500705735 /* draw_photo_icon_hue_rotation */,
				C43F722D2A31DD9400705735 /* swiftui_as_a_design_tools */,
				C43F72292A31DCCC00705735 /* mask-gradients */,
				C43F72252A31DB6100705735 /* clipping */,
				C43F72212A31DA5100705735 /* mask */,
				C4FDA5672A2B1F4B00707632 /* video */,
				C4FDA5632A2B1D9B00707632 /* list-appearence */,
				C4FDA55D2A2B1C0000707632 /* diffused-shadow */,
				C4FDA5592A2B1B4500707632 /* toolbar-group */,
				C4FDA5552A2B19F400707632 /* toolbar */,
				C4FDA54F2A2B193300707632 /* tab */,
				C4FDA54C2A2B185900707632 /* menu */,
				C4FDA5492A2B151700707632 /* gpt_give_instructions_for_swiftui */,
				C41C68272A28812F0045828D /* stroke_vs_strokeborder */,
				C41C68202A287DBE0045828D /* layout-priority */,
				C41C681D2A287CB10045828D /* foregroundColor_vs_forgroundStyle_vs_tint */,
				C41C68182A287BD80045828D /* menus-submenus */,
				C41C68152A287BB00045828D /* preview-orientation */,
				C41C680E2A2878D70045828D /* dynamic-height-modal */,
				C41C68092A2877830045828D /* collapsible-list */,
				C41C67FB2A28775A0045828D /* SwiftUIForDesignersApp.swift */,
				C41C67FD2A28775A0045828D /* ContentView.swift */,
				C41C67FF2A28775B0045828D /* Assets.xcassets */,
				C41C68012A28775B0045828D /* Preview Content */,
			);
			path = SwiftUIForDesigners;
			sourceTree = "<group>";
		};
		C41C68012A28775B0045828D /* Preview Content */ = {
			isa = PBXGroup;
			children = (
				C41C68022A28775B0045828D /* Preview Assets.xcassets */,
			);
			path = "Preview Content";
			sourceTree = "<group>";
		};
		C41C68092A2877830045828D /* collapsible-list */ = {
			isa = PBXGroup;
			children = (
				C41C680A2A28779C0045828D /* CollapsibleListView.swift */,
				C41C680C2A2878B50045828D /* README.md */,
			);
			path = "collapsible-list";
			sourceTree = "<group>";
		};
		C41C680E2A2878D70045828D /* dynamic-height-modal */ = {
			isa = PBXGroup;
			children = (
				C41C680F2A2878E40045828D /* DynamicHeightModal.swift */,
				C41C68112A287A2C0045828D /* README.md */,
			);
			path = "dynamic-height-modal";
			sourceTree = "<group>";
		};
		C41C68152A287BB00045828D /* preview-orientation */ = {
			isa = PBXGroup;
			children = (
				C41C68162A287BC50045828D /* README.md */,
			);
			path = "preview-orientation";
			sourceTree = "<group>";
		};
		C41C68182A287BD80045828D /* menus-submenus */ = {
			isa = PBXGroup;
			children = (
				C41C68192A287BE60045828D /* MenuView.swift */,
				C41C681B2A287C9E0045828D /* README.md */,
			);
			path = "menus-submenus";
			sourceTree = "<group>";
		};
		C41C681D2A287CB10045828D /* foregroundColor_vs_forgroundStyle_vs_tint */ = {
			isa = PBXGroup;
			children = (
				C41C681E2A287CC60045828D /* SwiftUIColorSystem.swift */,
				C41C68252A287E730045828D /* README.md */,
			);
			path = foregroundColor_vs_forgroundStyle_vs_tint;
			sourceTree = "<group>";
		};
		C41C68202A287DBE0045828D /* layout-priority */ = {
			isa = PBXGroup;
			children = (
				C41C68212A287DD00045828D /* UnderstandingLayoutPriority.swift */,
				C41C68232A287E5E0045828D /* README.md */,
			);
			path = "layout-priority";
			sourceTree = "<group>";
		};
		C41C68272A28812F0045828D /* stroke_vs_strokeborder */ = {
			isa = PBXGroup;
			children = (
				C41C68282A2881440045828D /* DifferentStokeType.swift */,
				C41C682A2A2881530045828D /* README.md */,
			);
			path = stroke_vs_strokeborder;
			sourceTree = "<group>";
		};
		C43F72212A31DA5100705735 /* mask */ = {
			isa = PBXGroup;
			children = (
				C43F72222A31DA7B00705735 /* MaskAppleView.swift */,
				C43F72242A31DB2000705735 /* README.md */,
			);
			path = mask;
			sourceTree = "<group>";
		};
		C43F72252A31DB6100705735 /* clipping */ = {
			isa = PBXGroup;
			children = (
				C43F72262A31DB6900705735 /* ClippingView.swift */,
				C43F72282A31DC5800705735 /* README.md */,
			);
			path = clipping;
			sourceTree = "<group>";
		};
		C43F72292A31DCCC00705735 /* mask-gradients */ = {
			isa = PBXGroup;
			children = (
				C43F722A2A31DCDE00705735 /* GradientTextView.swift */,
				C43F722C2A31DD2600705735 /* README.md */,
			);
			path = "mask-gradients";
			sourceTree = "<group>";
		};
		C43F722D2A31DD9400705735 /* swiftui_as_a_design_tools */ = {
			isa = PBXGroup;
			children = (
				C43F722E2A31DDA700705735 /* AppleHomePod.swift */,
				C43F72322A31DFEC00705735 /* README.md */,
			);
			path = swiftui_as_a_design_tools;
			sourceTree = "<group>";
		};
		C43F72332A31DFF500705735 /* draw_photo_icon_hue_rotation */ = {
			isa = PBXGroup;
			children = (
				C43F72342A31E00700705735 /* AppleAlbumIcon.swift */,
				C43F72362A31E09B00705735 /* README.md */,
			);
			path = draw_photo_icon_hue_rotation;
			sourceTree = "<group>";
		};
		C43F72372A31E0B700705735 /* dash-view */ = {
			isa = PBXGroup;
			children = (
				C43F72382A31E0D100705735 /* DashedView.swift */,
				C43F723A2A31E14D00705735 /* README.md */,
			);
			path = "dash-view";
			sourceTree = "<group>";
		};
		C43F723B2A31E15B00705735 /* flip-view */ = {
			isa = PBXGroup;
			children = (
				C43F723C2A31E17500705735 /* FlipView.swift */,
				C43F723E2A31E24E00705735 /* README.md */,
			);
			path = "flip-view";
			sourceTree = "<group>";
		};
		C43F723F2A31E25800705735 /* dashes */ = {
			isa = PBXGroup;
			children = (
				C43F72402A31E26B00705735 /* DashesView.swift */,
				C43F72422A31E40200705735 /* README.md */,
			);
			path = dashes;
			sourceTree = "<group>";
		};
		C43F72432A31E40B00705735 /* gradients */ = {
			isa = PBXGroup;
			children = (
				C43F72442A31E43C00705735 /* GradientsView.swift */,
				C43F72462A31E47F00705735 /* README.md */,
			);
			path = gradients;
			sourceTree = "<group>";
		};
		C43F72482A31E49100705735 /* rotate-view */ = {
			isa = PBXGroup;
			children = (
				C43F72492A31E4B300705735 /* RotateView.swift */,
				C43F724B2A31E51500705735 /* README.md */,
			);
			path = "rotate-view";
			sourceTree = "<group>";
		};
		C43F724C2A31E52600705735 /* rotate-views-around-a-point */ = {
			isa = PBXGroup;
			children = (
				C43F724D2A31E53E00705735 /* RotateViewsSArountAPoint.swift */,
				C43F724F2A31E5C400705735 /* README.md */,
			);
			path = "rotate-views-around-a-point";
			sourceTree = "<group>";
		};
		C4F5DF832A407B5300F6552A /* photo-adjustment */ = {
			isa = PBXGroup;
			children = (
				C4F5DF842A407B6100F6552A /* PhotoAdjustment.swift */,
				C4F5DF862A407E4600F6552A /* README.md */,
			);
			path = "photo-adjustment";
			sourceTree = "<group>";
		};
		C4F5DF8B2A407FAD00F6552A /* blend-mode */ = {
			isa = PBXGroup;
			children = (
				C4F5DF8C2A40801C00F6552A /* BlendAnimation.swift */,
				C4F5DF8E2A40812500F6552A /* README.md */,
				C4F5DF8F2A40817900F6552A /* PhotoAlbumIcon.swift */,
				C4F5DF912A40820800F6552A /* LockScreen.swift */,
			);
			path = "blend-mode";
			sourceTree = "<group>";
		};
		C4F5DF932A4082E900F6552A /* current-location */ = {
			isa = PBXGroup;
			children = (
				C4F5DF942A4082F500F6552A /* CurrentLocation.swift */,
				C4F5DF962A40834400F6552A /* README.md */,
			);
			path = "current-location";
			sourceTree = "<group>";
		};
		C4F5DF972A40839900F6552A /* tile-image */ = {
			isa = PBXGroup;
			children = (
				C4F5DF982A4083A600F6552A /* TileWithImage.swift */,
				C4F5DF9A2A40846800F6552A /* README.md */,
			);
			path = "tile-image";
			sourceTree = "<group>";
		};
		C4F5DF9B2A40847200F6552A /* textfield */ = {
			isa = PBXGroup;
			children = (
				C4F5DF9C2A40849000F6552A /* TextFieldMultiline.swift */,
				C4F5DF9E2A4084CB00F6552A /* README.md */,
			);
			path = textfield;
			sourceTree = "<group>";
		};
		C4F5DF9F2A4084E600F6552A /* text-timezone-date */ = {
			isa = PBXGroup;
			children = (
				C4F5DFA02A4084F800F6552A /* GetTimeZoneText.swift */,
				C4F5DFA22A40851E00F6552A /* README.md */,
			);
			path = "text-timezone-date";
			sourceTree = "<group>";
		};
		C4F5DFA32A40852800F6552A /* markdown-concatenation */ = {
			isa = PBXGroup;
			children = (
				C4F5DFA42A40853300F6552A /* SwiftMarkdownText.swift */,
				C4F5DFA62A4085B300F6552A /* README.md */,
			);
			path = "markdown-concatenation";
			sourceTree = "<group>";
		};
		C4F5DFA72A4085CE00F6552A /* swift-text-count-down-timer */ = {
			isa = PBXGroup;
			children = (
				C4F5DFA82A4085D800F6552A /* CountDownTimer.swift */,
				C4F5DFAA2A4085F000F6552A /* README.md */,
			);
			path = "swift-text-count-down-timer";
			sourceTree = "<group>";
		};
		C4F5DFAB2A40861400F6552A /* swift-text-count-up-timer */ = {
			isa = PBXGroup;
			children = (
				C4F5DFAC2A40862900F6552A /* CountUpTimer.swift */,
				C4F5DFAE2A4086AD00F6552A /* README.md */,
			);
			path = "swift-text-count-up-timer";
			sourceTree = "<group>";
		};
		C4F5DFC12A41B0C300F6552A /* sfsymbol_with_gradient */ = {
			isa = PBXGroup;
			children = (
				C4F5DFC22A41B0CE00F6552A /* SFSymbols.swift */,
				C4F5DFC42A41B19600F6552A /* README.md */,
			);
			path = sfsymbol_with_gradient;
			sourceTree = "<group>";
		};
		C4F5DFC52A41B1A600F6552A /* zoom_effect_matchedgeometry */ = {
			isa = PBXGroup;
			children = (
				C4F5DFC62A41B1D400F6552A /* ZoomEffect.swift */,
				C4F5DFC92A41B31600F6552A /* README.md */,
			);
			path = zoom_effect_matchedgeometry;
			sourceTree = "<group>";
		};
		C4F5DFC82A41B2FE00F6552A /* apply_gradient_on_anything */ = {
			isa = PBXGroup;
			children = (
				C4F5DFCA2A41B32B00F6552A /* GradientsOnAnything.swift */,
				C4F5DFCC2A41B42B00F6552A /* README.md */,
			);
			path = apply_gradient_on_anything;
			sourceTree = "<group>";
		};
		C4F5DFCD2A41B48200F6552A /* frost_effect */ = {
			isa = PBXGroup;
			children = (
				C4F5DFCE2A41B48F00F6552A /* FrostEffect.swift */,
				C4F5DFD02A41B4CC00F6552A /* README.md */,
			);
			path = frost_effect;
			sourceTree = "<group>";
		};
		C4FDA5492A2B151700707632 /* gpt_give_instructions_for_swiftui */ = {
			isa = PBXGroup;
			children = (
				C4FDA54A2A2B152D00707632 /* README.md */,
			);
			path = gpt_give_instructions_for_swiftui;
			sourceTree = "<group>";
		};
		C4FDA54C2A2B185900707632 /* menu */ = {
			isa = PBXGroup;
			children = (
				C4FDA54D2A2B186F00707632 /* MenuExampleView.swift */,
				C4FDA5532A2B19C100707632 /* REDMAE.md */,
			);
			path = menu;
			sourceTree = "<group>";
		};
		C4FDA54F2A2B193300707632 /* tab */ = {
			isa = PBXGroup;
			children = (
				C4FDA5502A2B193D00707632 /* TabExampleView.swift */,
				C4FDA5522A2B19B600707632 /* README.md */,
			);
			path = tab;
			sourceTree = "<group>";
		};
		C4FDA5552A2B19F400707632 /* toolbar */ = {
			isa = PBXGroup;
			children = (
				C4FDA5562A2B1A0100707632 /* ToolbarViewExampl;e.swift */,
				C4FDA5582A2B1B3100707632 /* README.md */,
			);
			path = toolbar;
			sourceTree = "<group>";
		};
		C4FDA5592A2B1B4500707632 /* toolbar-group */ = {
			isa = PBXGroup;
			children = (
				C4FDA55A2A2B1B5200707632 /* ToolbarItemGroupExampleView.swift */,
				C4FDA55C2A2B1BF600707632 /* README.md */,
			);
			path = "toolbar-group";
			sourceTree = "<group>";
		};
		C4FDA55D2A2B1C0000707632 /* diffused-shadow */ = {
			isa = PBXGroup;
			children = (
				C4FDA55E2A2B1C3F00707632 /* DiffusedShadows.swift */,
				C4FDA5602A2B1D4900707632 /* README.md */,
			);
			path = "diffused-shadow";
			sourceTree = "<group>";
		};
		C4FDA5632A2B1D9B00707632 /* list-appearence */ = {
			isa = PBXGroup;
			children = (
				C4FDA5642A2B1DAA00707632 /* ListAppearanceView.swift */,
				C4FDA5662A2B1F0500707632 /* README.md */,
			);
			path = "list-appearence";
			sourceTree = "<group>";
		};
		C4FDA5672A2B1F4B00707632 /* video */ = {
			isa = PBXGroup;
			children = (
				C4FDA5682A2B1F6500707632 /* VideoPlayerContainer.swift */,
				C4FDA56A2A2B1FA500707632 /* README.md */,
			);
			path = video;
			sourceTree = "<group>";
		};
/* End PBXGroup section */

/* Begin PBXNativeTarget section */
		C41C67F72A28775A0045828D /* SwiftUIForDesigners */ = {
			isa = PBXNativeTarget;
			buildConfigurationList = C41C68062A28775B0045828D /* Build configuration list for PBXNativeTarget "SwiftUIForDesigners" */;
			buildPhases = (
				C41C67F42A28775A0045828D /* Sources */,
				C41C67F52A28775A0045828D /* Frameworks */,
				C41C67F62A28775A0045828D /* Resources */,
			);
			buildRules = (
			);
			dependencies = (
			);
			name = SwiftUIForDesigners;
			productName = SwiftUIForDesigners;
			productReference = C41C67F82A28775A0045828D /* SwiftUIForDesigners.app */;
			productType = "com.apple.product-type.application";
		};
/* End PBXNativeTarget section */

/* Begin PBXProject section */
		C41C67F02A28775A0045828D /* Project object */ = {
			isa = PBXProject;
			attributes = {
				BuildIndependentTargetsInParallel = 1;
				LastSwiftUpdateCheck = 1430;
				LastUpgradeCheck = 1430;
				TargetAttributes = {
					C41C67F72A28775A0045828D = {
						CreatedOnToolsVersion = 14.3;
					};
				};
			};
			buildConfigurationList = C41C67F32A28775A0045828D /* Build configuration list for PBXProject "SwiftUIForDesigners" */;
			compatibilityVersion = "Xcode 14.0";
			developmentRegion = en;
			hasScannedForEncodings = 0;
			knownRegions = (
				en,
				Base,
			);
			mainGroup = C41C67EF2A28775A0045828D;
			productRefGroup = C41C67F92A28775A0045828D /* Products */;
			projectDirPath = "";
			projectRoot = "";
			targets = (
				C41C67F72A28775A0045828D /* SwiftUIForDesigners */,
			);
		};
/* End PBXProject section */

/* Begin PBXResourcesBuildPhase section */
		C41C67F62A28775A0045828D /* Resources */ = {
			isa = PBXResourcesBuildPhase;
			buildActionMask = 2147483647;
			files = (
				C41C68172A287BC50045828D /* README.md in Resources */,
				C41C68032A28775B0045828D /* Preview Assets.xcassets in Resources */,
				C41C68002A28775B0045828D /* Assets.xcassets in Resources */,
			);
			runOnlyForDeploymentPostprocessing = 0;
		};
/* End PBXResourcesBuildPhase section */

/* Begin PBXSourcesBuildPhase section */
		C41C67F42A28775A0045828D /* Sources */ = {
			isa = PBXSourcesBuildPhase;
			buildActionMask = 2147483647;
			files = (
				C41C681A2A287BE60045828D /* MenuView.swift in Sources */,
				C4F5DF9D2A40849000F6552A /* TextFieldMultiline.swift in Sources */,
				C43F723D2A31E17500705735 /* FlipView.swift in Sources */,
				C41C67FE2A28775A0045828D /* ContentView.swift in Sources */,
				C4FDA54E2A2B186F00707632 /* MenuExampleView.swift in Sources */,
				C4F5DFC72A41B1D400F6552A /* ZoomEffect.swift in Sources */,
				C43F724A2A31E4B300705735 /* RotateView.swift in Sources */,
				C43F722B2A31DCDE00705735 /* GradientTextView.swift in Sources */,
				C41C68292A2881440045828D /* DifferentStokeType.swift in Sources */,
				C4F5DFA52A40853300F6552A /* SwiftMarkdownText.swift in Sources */,
				C4F5DF8D2A40801C00F6552A /* BlendAnimation.swift in Sources */,
				C43F724E2A31E53E00705735 /* RotateViewsSArountAPoint.swift in Sources */,
				C4FDA5692A2B1F6500707632 /* VideoPlayerContainer.swift in Sources */,
				C43F72272A31DB6900705735 /* ClippingView.swift in Sources */,
				C4F5DFA12A4084F800F6552A /* GetTimeZoneText.swift in Sources */,
				C4FDA5652A2B1DAA00707632 /* ListAppearanceView.swift in Sources */,
				C4F5DF852A407B6100F6552A /* PhotoAdjustment.swift in Sources */,
				C43F722F2A31DDA700705735 /* AppleHomePod.swift in Sources */,
				C4F5DF902A40817900F6552A /* PhotoAlbumIcon.swift in Sources */,
				C4F5DFC32A41B0CE00F6552A /* SFSymbols.swift in Sources */,
				C43F72452A31E43C00705735 /* GradientsView.swift in Sources */,
				C41C681F2A287CC60045828D /* SwiftUIColorSystem.swift in Sources */,
				C43F72232A31DA7B00705735 /* MaskAppleView.swift in Sources */,
				C4F5DFCF2A41B48F00F6552A /* FrostEffect.swift in Sources */,
				C4F5DF922A40820800F6552A /* LockScreen.swift in Sources */,
				C4FDA5572A2B1A0100707632 /* ToolbarViewExampl;e.swift in Sources */,
				C4FDA55B2A2B1B5200707632 /* ToolbarItemGroupExampleView.swift in Sources */,
				C4FDA55F2A2B1C3F00707632 /* DiffusedShadows.swift in Sources */,
				C41C67FC2A28775A0045828D /* SwiftUIForDesignersApp.swift in Sources */,
				C43F72392A31E0D100705735 /* DashedView.swift in Sources */,
				C41C68102A2878E40045828D /* DynamicHeightModal.swift in Sources */,
				C4FDA5512A2B193D00707632 /* TabExampleView.swift in Sources */,
				C41C68222A287DD00045828D /* UnderstandingLayoutPriority.swift in Sources */,
				C4F5DFAD2A40862900F6552A /* CountUpTimer.swift in Sources */,
				C4F5DF992A4083A600F6552A /* TileWithImage.swift in Sources */,
				C41C680B2A28779C0045828D /* CollapsibleListView.swift in Sources */,
				C4F5DFA92A4085D800F6552A /* CountDownTimer.swift in Sources */,
				C4F5DFCB2A41B32B00F6552A /* GradientsOnAnything.swift in Sources */,
				C43F72352A31E00700705735 /* AppleAlbumIcon.swift in Sources */,
				C4F5DF952A4082F500F6552A /* CurrentLocation.swift in Sources */,
				C43F72412A31E26B00705735 /* DashesView.swift in Sources */,
			);
			runOnlyForDeploymentPostprocessing = 0;
		};
/* End PBXSourcesBuildPhase section */

/* Begin XCBuildConfiguration section */
		C41C68042A28775B0045828D /* Debug */ = {
			isa = XCBuildConfiguration;
			buildSettings = {
				ALWAYS_SEARCH_USER_PATHS = NO;
				CLANG_ANALYZER_NONNULL = YES;
				CLANG_ANALYZER_NUMBER_OBJECT_CONVERSION = YES_AGGRESSIVE;
				CLANG_CXX_LANGUAGE_STANDARD = "gnu++20";
				CLANG_ENABLE_MODULES = YES;
				CLANG_ENABLE_OBJC_ARC = YES;
				CLANG_ENABLE_OBJC_WEAK = YES;
				CLANG_WARN_BLOCK_CAPTURE_AUTORELEASING = YES;
				CLANG_WARN_BOOL_CONVERSION = YES;
				CLANG_WARN_COMMA = YES;
				CLANG_WARN_CONSTANT_CONVERSION = YES;
				CLANG_WARN_DEPRECATED_OBJC_IMPLEMENTATIONS = YES;
				CLANG_WARN_DIRECT_OBJC_ISA_USAGE = YES_ERROR;
				CLANG_WARN_DOCUMENTATION_COMMENTS = YES;
				CLANG_WARN_EMPTY_BODY = YES;
				CLANG_WARN_ENUM_CONVERSION = YES;
				CLANG_WARN_INFINITE_RECURSION = YES;
				CLANG_WARN_INT_CONVERSION = YES;
				CLANG_WARN_NON_LITERAL_NULL_CONVERSION = YES;
				CLANG_WARN_OBJC_IMPLICIT_RETAIN_SELF = YES;
				CLANG_WARN_OBJC_LITERAL_CONVERSION = YES;
				CLANG_WARN_OBJC_ROOT_CLASS = YES_ERROR;
				CLANG_WARN_QUOTED_INCLUDE_IN_FRAMEWORK_HEADER = YES;
				CLANG_WARN_RANGE_LOOP_ANALYSIS = YES;
				CLANG_WARN_STRICT_PROTOTYPES = YES;
				CLANG_WARN_SUSPICIOUS_MOVE = YES;
				CLANG_WARN_UNGUARDED_AVAILABILITY = YES_AGGRESSIVE;
				CLANG_WARN_UNREACHABLE_CODE = YES;
				CLANG_WARN__DUPLICATE_METHOD_MATCH = YES;
				COPY_PHASE_STRIP = NO;
				DEBUG_INFORMATION_FORMAT = dwarf;
				ENABLE_STRICT_OBJC_MSGSEND = YES;
				ENABLE_TESTABILITY = YES;
				GCC_C_LANGUAGE_STANDARD = gnu11;
				GCC_DYNAMIC_NO_PIC = NO;
				GCC_NO_COMMON_BLOCKS = YES;
				GCC_OPTIMIZATION_LEVEL = 0;
				GCC_PREPROCESSOR_DEFINITIONS = (
					"DEBUG=1",
					"$(inherited)",
				);
				GCC_WARN_64_TO_32_BIT_CONVERSION = YES;
				GCC_WARN_ABOUT_RETURN_TYPE = YES_ERROR;
				GCC_WARN_UNDECLARED_SELECTOR = YES;
				GCC_WARN_UNINITIALIZED_AUTOS = YES_AGGRESSIVE;
				GCC_WARN_UNUSED_FUNCTION = YES;
				GCC_WARN_UNUSED_VARIABLE = YES;
				IPHONEOS_DEPLOYMENT_TARGET = 16.4;
				MTL_ENABLE_DEBUG_INFO = INCLUDE_SOURCE;
				MTL_FAST_MATH = YES;
				ONLY_ACTIVE_ARCH = YES;
				SDKROOT = iphoneos;
				SWIFT_ACTIVE_COMPILATION_CONDITIONS = DEBUG;
				SWIFT_OPTIMIZATION_LEVEL = "-Onone";
			};
			name = Debug;
		};
		C41C68052A28775B0045828D /* Release */ = {
			isa = XCBuildConfiguration;
			buildSettings = {
				ALWAYS_SEARCH_USER_PATHS = NO;
				CLANG_ANALYZER_NONNULL = YES;
				CLANG_ANALYZER_NUMBER_OBJECT_CONVERSION = YES_AGGRESSIVE;
				CLANG_CXX_LANGUAGE_STANDARD = "gnu++20";
				CLANG_ENABLE_MODULES = YES;
				CLANG_ENABLE_OBJC_ARC = YES;
				CLANG_ENABLE_OBJC_WEAK = YES;
				CLANG_WARN_BLOCK_CAPTURE_AUTORELEASING = YES;
				CLANG_WARN_BOOL_CONVERSION = YES;
				CLANG_WARN_COMMA = YES;
				CLANG_WARN_CONSTANT_CONVERSION = YES;
				CLANG_WARN_DEPRECATED_OBJC_IMPLEMENTATIONS = YES;
				CLANG_WARN_DIRECT_OBJC_ISA_USAGE = YES_ERROR;
				CLANG_WARN_DOCUMENTATION_COMMENTS = YES;
				CLANG_WARN_EMPTY_BODY = YES;
				CLANG_WARN_ENUM_CONVERSION = YES;
				CLANG_WARN_INFINITE_RECURSION = YES;
				CLANG_WARN_INT_CONVERSION = YES;
				CLANG_WARN_NON_LITERAL_NULL_CONVERSION = YES;
				CLANG_WARN_OBJC_IMPLICIT_RETAIN_SELF = YES;
				CLANG_WARN_OBJC_LITERAL_CONVERSION = YES;
				CLANG_WARN_OBJC_ROOT_CLASS = YES_ERROR;
				CLANG_WARN_QUOTED_INCLUDE_IN_FRAMEWORK_HEADER = YES;
				CLANG_WARN_RANGE_LOOP_ANALYSIS = YES;
				CLANG_WARN_STRICT_PROTOTYPES = YES;
				CLANG_WARN_SUSPICIOUS_MOVE = YES;
				CLANG_WARN_UNGUARDED_AVAILABILITY = YES_AGGRESSIVE;
				CLANG_WARN_UNREACHABLE_CODE = YES;
				CLANG_WARN__DUPLICATE_METHOD_MATCH = YES;
				COPY_PHASE_STRIP = NO;
				DEBUG_INFORMATION_FORMAT = "dwarf-with-dsym";
				ENABLE_NS_ASSERTIONS = NO;
				ENABLE_STRICT_OBJC_MSGSEND = YES;
				GCC_C_LANGUAGE_STANDARD = gnu11;
				GCC_NO_COMMON_BLOCKS = YES;
				GCC_WARN_64_TO_32_BIT_CONVERSION = YES;
				GCC_WARN_ABOUT_RETURN_TYPE = YES_ERROR;
				GCC_WARN_UNDECLARED_SELECTOR = YES;
				GCC_WARN_UNINITIALIZED_AUTOS = YES_AGGRESSIVE;
				GCC_WARN_UNUSED_FUNCTION = YES;
				GCC_WARN_UNUSED_VARIABLE = YES;
				IPHONEOS_DEPLOYMENT_TARGET = 16.4;
				MTL_ENABLE_DEBUG_INFO = NO;
				MTL_FAST_MATH = YES;
				SDKROOT = iphoneos;
				SWIFT_COMPILATION_MODE = wholemodule;
				SWIFT_OPTIMIZATION_LEVEL = "-O";
				VALIDATE_PRODUCT = YES;
			};
			name = Release;
		};
		C41C68072A28775B0045828D /* Debug */ = {
			isa = XCBuildConfiguration;
			buildSettings = {
				ASSETCATALOG_COMPILER_APPICON_NAME = AppIcon;
				ASSETCATALOG_COMPILER_GLOBAL_ACCENT_COLOR_NAME = AccentColor;
				CODE_SIGN_STYLE = Automatic;
				CURRENT_PROJECT_VERSION = 1;
				DEVELOPMENT_ASSET_PATHS = "\"SwiftUIForDesigners/Preview Content\"";
				DEVELOPMENT_TEAM = 35W7TZ9DUM;
				ENABLE_PREVIEWS = YES;
				GENERATE_INFOPLIST_FILE = YES;
				INFOPLIST_KEY_UIApplicationSceneManifest_Generation = YES;
				INFOPLIST_KEY_UIApplicationSupportsIndirectInputEvents = YES;
				INFOPLIST_KEY_UILaunchScreen_Generation = YES;
				INFOPLIST_KEY_UISupportedInterfaceOrientations_iPad = "UIInterfaceOrientationPortrait UIInterfaceOrientationPortraitUpsideDown UIInterfaceOrientationLandscapeLeft UIInterfaceOrientationLandscapeRight";
				INFOPLIST_KEY_UISupportedInterfaceOrientations_iPhone = "UIInterfaceOrientationPortrait UIInterfaceOrientationLandscapeLeft UIInterfaceOrientationLandscapeRight";
				LD_RUNPATH_SEARCH_PATHS = (
					"$(inherited)",
					"@executable_path/Frameworks",
				);
				MARKETING_VERSION = 1.0;
				PRODUCT_BUNDLE_IDENTIFIER = com.paigesoftware.SwiftUIForDesigners;
				PRODUCT_NAME = "$(TARGET_NAME)";
				SWIFT_EMIT_LOC_STRINGS = YES;
				SWIFT_VERSION = 5.0;
				TARGETED_DEVICE_FAMILY = "1,2";
			};
			name = Debug;
		};
		C41C68082A28775B0045828D /* Release */ = {
			isa = XCBuildConfiguration;
			buildSettings = {
				ASSETCATALOG_COMPILER_APPICON_NAME = AppIcon;
				ASSETCATALOG_COMPILER_GLOBAL_ACCENT_COLOR_NAME = AccentColor;
				CODE_SIGN_STYLE = Automatic;
				CURRENT_PROJECT_VERSION = 1;
				DEVELOPMENT_ASSET_PATHS = "\"SwiftUIForDesigners/Preview Content\"";
				DEVELOPMENT_TEAM = 35W7TZ9DUM;
				ENABLE_PREVIEWS = YES;
				GENERATE_INFOPLIST_FILE = YES;
				INFOPLIST_KEY_UIApplicationSceneManifest_Generation = YES;
				INFOPLIST_KEY_UIApplicationSupportsIndirectInputEvents = YES;
				INFOPLIST_KEY_UILaunchScreen_Generation = YES;
				INFOPLIST_KEY_UISupportedInterfaceOrientations_iPad = "UIInterfaceOrientationPortrait UIInterfaceOrientationPortraitUpsideDown UIInterfaceOrientationLandscapeLeft UIInterfaceOrientationLandscapeRight";
				INFOPLIST_KEY_UISupportedInterfaceOrientations_iPhone = "UIInterfaceOrientationPortrait UIInterfaceOrientationLandscapeLeft UIInterfaceOrientationLandscapeRight";
				LD_RUNPATH_SEARCH_PATHS = (
					"$(inherited)",
					"@executable_path/Frameworks",
				);
				MARKETING_VERSION = 1.0;
				PRODUCT_BUNDLE_IDENTIFIER = com.paigesoftware.SwiftUIForDesigners;
				PRODUCT_NAME = "$(TARGET_NAME)";
				SWIFT_EMIT_LOC_STRINGS = YES;
				SWIFT_VERSION = 5.0;
				TARGETED_DEVICE_FAMILY = "1,2";
			};
			name = Release;
		};
/* End XCBuildConfiguration section */

/* Begin XCConfigurationList section */
		C41C67F32A28775A0045828D /* Build configuration list for PBXProject "SwiftUIForDesigners" */ = {
			isa = XCConfigurationList;
			buildConfigurations = (
				C41C68042A28775B0045828D /* Debug */,
				C41C68052A28775B0045828D /* Release */,
			);
			defaultConfigurationIsVisible = 0;
			defaultConfigurationName = Release;
		};
		C41C68062A28775B0045828D /* Build configuration list for PBXNativeTarget "SwiftUIForDesigners" */ = {
			isa = XCConfigurationList;
			buildConfigurations = (
				C41C68072A28775B0045828D /* Debug */,
				C41C68082A28775B0045828D /* Release */,
			);
			defaultConfigurationIsVisible = 0;
			defaultConfigurationName = Release;
		};
/* End XCConfigurationList section */
	};
	rootObject = C41C67F02A28775A0045828D /* Project object */;
}
